{
  "name": "zpl_json_write.c",
  "version": "1.0.0",
  "lockfileVersion": 1,
  "requires": true,
  "dependencies": {
    "zpl_json.c": {
      "version": "1.0.5",
      "resolved": "https://registry.npmjs.org/zpl_json.c/-/zpl_json.c-1.0.5.tgz",
      "integrity": "sha512-Gh+H9rxNKDAXfLyaPyEi5mFT6OZzqxTtStgJ2kJfw84u9s6lxGxIfHOMZgqr9Jfvo9vE9XWhfFnCjtPc50W5rA==",
      "requires": {
        "zpl.c": "3.0.0"
      }
    },
    "zpl.c": {
      "version": "3.0.0",
      "resolved": "https://registry.npmjs.org/zpl.c/-/zpl.c-3.0.0.tgz",
      "integrity": "sha512-xdqGvK2coq3/cDBdD0GeZEL9z233WXwIiFnfwQJmVTdP6YaceTSMe1L7t0ya8CSN2GqxJy5m+70sdWqKpYhifg=="
    }
  }
}
