{
  "name": "zpl_json_write.c",
  "version": "1.0.0",
  "lockfileVersion": 1,
  "requires": true,
  "dependencies": {
    "zpl_json.c": {
      "version": "1.0.4",
      "resolved": "https://registry.npmjs.org/zpl_json.c/-/zpl_json.c-1.0.4.tgz",
      "integrity": "sha512-6pIs7pbvYLXc11I6PtowIEo0rM6NzArEJ77NMOkWY6/6bGkhI/YK1F7X6ZBXqMmMfp5IlXENzbBKdPaxGLDyRQ==",
      "requires": {
        "zpl.c": "2.0.7"
      }
    },
    "zpl.c": {
      "version": "2.0.7",
      "resolved": "https://registry.npmjs.org/zpl.c/-/zpl.c-2.0.7.tgz",
      "integrity": "sha512-W3L76Uct2ktqOb92cIkadNelPgZVQ5FcleAqR9qyICVQQ0n18gg9YchUqu81a1Q/suARzA4LS3NMz2jX8sV5Ig=="
    }
  }
}
